<?xml version="1.0" encoding="utf-8"?>
<Project ToolsVersion="4.0" xmlns="http://schemas.microsoft.com/developer/msbuild/2003">
  <ItemGroup>
    <Filter Include="Source Files">
      <UniqueIdentifier>{2398fe2d-7688-4d55-a41d-c3e680a1e984}</UniqueIdentifier>
      <Extensions>cpp;c;cxx;rc;def;r;odl;idl;hpj;bat</Extensions>
    </Filter>
    <Filter Include="Header Files">
      <UniqueIdentifier>{07af5c11-a094-478d-b008-502e9042d158}</UniqueIdentifier>
      <Extensions>h;hpp;hxx;hm;inl</Extensions>
    </Filter>
    <Filter Include="Resource Files">
      <UniqueIdentifier>{d0307c47-4c3b-4840-a7b1-518e41add159}</UniqueIdentifier>
      <Extensions>ico;cur;bmp;dlg;rc2;rct;bin;rgs;gif;jpg;jpeg;jpe</Extensions>
    </Filter>
  </ItemGroup>
  <ItemGroup>
    <ClCompile Include="d3dUtility.cpp">
      <Filter>Source Files</Filter>
    </ClCompile>
    <ClCompile Include="virtualLego.cpp">
      <Filter>Source Files</Filter>
    </ClCompile>
  </ItemGroup>
  <ItemGroup>
    <ClInclude Include="d3dUtility.h">
      <Filter>Header Files</Filter>
    </ClInclude>
    <ClInclude Include="resource.h">
      <Filter>Header Files</Filter>
    </ClInclude>
  </ItemGroup>
  <ItemGroup>
    <ResourceCompile Include="VirtualLego.rc">
      <Filter>Source Files</Filter>
    </ResourceCompile>
  </ItemGroup>
  <ItemGroup>
    <Media Include="..\효과음\마이턴.wav" />
    <Media Include="..\효과음\벽1.WAV" />
    <Media Include="..\효과음\벽2.WAV" />
    <Media Include="..\효과음\벽3.WAV" />
    <Media Include="..\효과음\부딪히는소리1.WAV" />
    <Media Include="..\효과음\부딪히는소리2.WAV" />
    <Media Include="..\효과음\부딪히는소리3.WAV" />
    <Media Include="..\효과음\부딪히는소리4.WAV" />
    <Media Include="..\효과음\부딪히는소리5.WAV" />
    <Media Include="..\효과음\빌리윌리.wav" />
    <Media Include="..\효과음\상대방공쳤을때.wav" />
    <Media Include="..\효과음\승리.wav" />
    <Media Include="..\효과음\점수못냈을때.wav" />
    <Media Include="..\효과음\최고의플레이.wav" />
    <Media Include="..\효과음\최고의플레이배경음악.wav" />
  </ItemGroup>
</Project>